
Microsoft Visual Studio Solution File, Format Version 12.00
# Visual Studio Version 16
VisualStudioVersion = 16.0.30320.27
MinimumVisualStudioVersion = 10.0.40219.1
Project("{888888A0-9F3D-457C-B088-3A5042F75D52}") = "yr_cnn_roc_test", "yr_cnn_roc_test\yr_cnn_roc_test.pyproj", "{264147C1-4F62-4AAC-84C0-3F51FF17B146}"
EndProject
Global
	GlobalSection(SolutionConfigurationPlatforms) = preSolution
		Debug|Any CPU = Debug|Any CPU
		Release|Any CPU = Release|Any CPU
	EndGlobalSection
	GlobalSection(ProjectConfigurationPlatforms) = postSolution
		{264147C1-4F62-4AAC-84C0-3F51FF17B146}.Debug|Any CPU.ActiveCfg = Debug|Any CPU
		{264147C1-4F62-4AAC-84C0-3F51FF17B146}.Release|Any CPU.ActiveCfg = Release|Any CPU
	EndGlobalSection
	GlobalSection(SolutionProperties) = preSolution
		HideSolutionNode = FALSE
	EndGlobalSection
	GlobalSection(ExtensibilityGlobals) = postSolution
		SolutionGuid = {D18574B5-AFBB-47BF-9B69-D6848A97C5C2}
	EndGlobalSection
EndGlobal
