
Microsoft Visual Studio Solution File, Format Version 12.00
# Visual Studio Version 16
VisualStudioVersion = 16.0.30523.141
MinimumVisualStudioVersion = 10.0.40219.1
Project("{888888A0-9F3D-457C-B088-3A5042F75D52}") = "features_extraction", "features_extraction\features_extraction.pyproj", "{ABFF2A5A-3FC0-4CA3-A057-2887EBC90259}"
EndProject
Global
	GlobalSection(SolutionConfigurationPlatforms) = preSolution
		Debug|Any CPU = Debug|Any CPU
		Release|Any CPU = Release|Any CPU
	EndGlobalSection
	GlobalSection(ProjectConfigurationPlatforms) = postSolution
		{ABFF2A5A-3FC0-4CA3-A057-2887EBC90259}.Debug|Any CPU.ActiveCfg = Debug|Any CPU
		{ABFF2A5A-3FC0-4CA3-A057-2887EBC90259}.Release|Any CPU.ActiveCfg = Release|Any CPU
	EndGlobalSection
	GlobalSection(SolutionProperties) = preSolution
		HideSolutionNode = FALSE
	EndGlobalSection
	GlobalSection(ExtensibilityGlobals) = postSolution
		SolutionGuid = {139998F2-E954-4DF1-B29C-9C50101DF11A}
	EndGlobalSection
EndGlobal
