
Microsoft Visual Studio Solution File, Format Version 12.00
# Visual Studio Version 16
VisualStudioVersion = 16.0.30523.141
MinimumVisualStudioVersion = 10.0.40219.1
Project("{888888A0-9F3D-457C-B088-3A5042F75D52}") = "dataset", "dataset\dataset.pyproj", "{0435AA43-2645-4EBD-B30E-5B299003B706}"
EndProject
Global
	GlobalSection(SolutionConfigurationPlatforms) = preSolution
		Debug|Any CPU = Debug|Any CPU
		Release|Any CPU = Release|Any CPU
	EndGlobalSection
	GlobalSection(ProjectConfigurationPlatforms) = postSolution
		{0435AA43-2645-4EBD-B30E-5B299003B706}.Debug|Any CPU.ActiveCfg = Debug|Any CPU
		{0435AA43-2645-4EBD-B30E-5B299003B706}.Release|Any CPU.ActiveCfg = Release|Any CPU
	EndGlobalSection
	GlobalSection(SolutionProperties) = preSolution
		HideSolutionNode = FALSE
	EndGlobalSection
	GlobalSection(ExtensibilityGlobals) = postSolution
		SolutionGuid = {1B0D31A3-6BA0-4664-8920-550C2B2C189C}
	EndGlobalSection
EndGlobal
