
Microsoft Visual Studio Solution File, Format Version 12.00
# Visual Studio Version 16
VisualStudioVersion = 16.0.30523.141
MinimumVisualStudioVersion = 10.0.40219.1
Project("{888888A0-9F3D-457C-B088-3A5042F75D52}") = "preprocessing", "preprocessing\preprocessing.pyproj", "{114EB108-4E76-4CD1-9285-96A6DE9903A6}"
EndProject
Global
	GlobalSection(SolutionConfigurationPlatforms) = preSolution
		Debug|Any CPU = Debug|Any CPU
		Release|Any CPU = Release|Any CPU
	EndGlobalSection
	GlobalSection(ProjectConfigurationPlatforms) = postSolution
		{114EB108-4E76-4CD1-9285-96A6DE9903A6}.Debug|Any CPU.ActiveCfg = Debug|Any CPU
		{114EB108-4E76-4CD1-9285-96A6DE9903A6}.Release|Any CPU.ActiveCfg = Release|Any CPU
	EndGlobalSection
	GlobalSection(SolutionProperties) = preSolution
		HideSolutionNode = FALSE
	EndGlobalSection
	GlobalSection(ExtensibilityGlobals) = postSolution
		SolutionGuid = {8232F878-CA8F-42B7-AF19-E8FB97EE664B}
	EndGlobalSection
EndGlobal
