
Microsoft Visual Studio Solution File, Format Version 12.00
# Visual Studio Version 16
VisualStudioVersion = 16.0.30523.141
MinimumVisualStudioVersion = 10.0.40219.1
Project("{888888A0-9F3D-457C-B088-3A5042F75D52}") = "predict_test", "predict_test\predict_test.pyproj", "{23800B7C-E025-43EB-B1F3-3741850192E1}"
EndProject
Global
	GlobalSection(SolutionConfigurationPlatforms) = preSolution
		Debug|Any CPU = Debug|Any CPU
		Release|Any CPU = Release|Any CPU
	EndGlobalSection
	GlobalSection(ProjectConfigurationPlatforms) = postSolution
		{23800B7C-E025-43EB-B1F3-3741850192E1}.Debug|Any CPU.ActiveCfg = Debug|Any CPU
		{23800B7C-E025-43EB-B1F3-3741850192E1}.Release|Any CPU.ActiveCfg = Release|Any CPU
	EndGlobalSection
	GlobalSection(SolutionProperties) = preSolution
		HideSolutionNode = FALSE
	EndGlobalSection
	GlobalSection(ExtensibilityGlobals) = postSolution
		SolutionGuid = {79D179DA-B87E-48BC-8CD4-FAA066FC477E}
	EndGlobalSection
EndGlobal
