
Microsoft Visual Studio Solution File, Format Version 12.00
# Visual Studio Version 16
VisualStudioVersion = 16.0.30320.27
MinimumVisualStudioVersion = 10.0.40219.1
Project("{888888A0-9F3D-457C-B088-3A5042F75D52}") = "image_data_analize", "image_data_analize\image_data_analize.pyproj", "{F4932A2B-7460-4AAF-B361-C352B397286C}"
EndProject
Global
	GlobalSection(SolutionConfigurationPlatforms) = preSolution
		Debug|Any CPU = Debug|Any CPU
		Release|Any CPU = Release|Any CPU
	EndGlobalSection
	GlobalSection(ProjectConfigurationPlatforms) = postSolution
		{F4932A2B-7460-4AAF-B361-C352B397286C}.Debug|Any CPU.ActiveCfg = Debug|Any CPU
		{F4932A2B-7460-4AAF-B361-C352B397286C}.Release|Any CPU.ActiveCfg = Release|Any CPU
	EndGlobalSection
	GlobalSection(SolutionProperties) = preSolution
		HideSolutionNode = FALSE
	EndGlobalSection
	GlobalSection(ExtensibilityGlobals) = postSolution
		SolutionGuid = {D3D2E269-4841-405A-A349-3C0665A0F25B}
	EndGlobalSection
EndGlobal
