
Microsoft Visual Studio Solution File, Format Version 12.00
# Visual Studio Version 16
VisualStudioVersion = 16.0.30523.141
MinimumVisualStudioVersion = 10.0.40219.1
Project("{888888A0-9F3D-457C-B088-3A5042F75D52}") = "file_mover", "file_mover\file_mover.pyproj", "{43C65093-687D-4E52-A153-D3DD1999B171}"
EndProject
Global
	GlobalSection(SolutionConfigurationPlatforms) = preSolution
		Debug|Any CPU = Debug|Any CPU
		Release|Any CPU = Release|Any CPU
	EndGlobalSection
	GlobalSection(ProjectConfigurationPlatforms) = postSolution
		{43C65093-687D-4E52-A153-D3DD1999B171}.Debug|Any CPU.ActiveCfg = Debug|Any CPU
		{43C65093-687D-4E52-A153-D3DD1999B171}.Release|Any CPU.ActiveCfg = Release|Any CPU
	EndGlobalSection
	GlobalSection(SolutionProperties) = preSolution
		HideSolutionNode = FALSE
	EndGlobalSection
	GlobalSection(ExtensibilityGlobals) = postSolution
		SolutionGuid = {010F506E-4037-475F-812F-BEB958A4D74F}
	EndGlobalSection
EndGlobal
